
Microsoft Visual Studio Solution File, Format Version 12.00
# Visual Studio 2012
Project("{FAE04EC0-301F-11D3-BF4B-00C04F79EFBC}") = "MsgCenterSample", "MsgCenterSample\MsgCenterSample.csproj", "{53F2E8CC-8AB2-4820-8642-CC61B8A38FA7}"
EndProject
Project("{FAE04EC0-301F-11D3-BF4B-00C04F79EFBC}") = "MsgCenterSample.iOS", "iOS\MsgCenterSample.iOS.csproj", "{11944684-F92F-4B8E-B531-5F524EB6012F}"
EndProject
Project("{FAE04EC0-301F-11D3-BF4B-00C04F79EFBC}") = "MsgCenterSample.Droid", "Droid\MsgCenterSample.Droid.csproj", "{2CF3DF88-9924-4529-AF83-E4BF2D3404E4}"
EndProject
Global
	GlobalSection(SolutionConfigurationPlatforms) = preSolution
		Debug|Any CPU = Debug|Any CPU
		Release|Any CPU = Release|Any CPU
		Debug|iPhoneSimulator = Debug|iPhoneSimulator
		Release|iPhone = Release|iPhone
		Release|iPhoneSimulator = Release|iPhoneSimulator
		Debug|iPhone = Debug|iPhone
	EndGlobalSection
	GlobalSection(ProjectConfigurationPlatforms) = postSolution
		{53F2E8CC-8AB2-4820-8642-CC61B8A38FA7}.Debug|Any CPU.ActiveCfg = Debug|Any CPU
		{53F2E8CC-8AB2-4820-8642-CC61B8A38FA7}.Debug|Any CPU.Build.0 = Debug|Any CPU
		{53F2E8CC-8AB2-4820-8642-CC61B8A38FA7}.Release|Any CPU.ActiveCfg = Release|Any CPU
		{53F2E8CC-8AB2-4820-8642-CC61B8A38FA7}.Release|Any CPU.Build.0 = Release|Any CPU
		{53F2E8CC-8AB2-4820-8642-CC61B8A38FA7}.Debug|iPhoneSimulator.ActiveCfg = Debug|Any CPU
		{53F2E8CC-8AB2-4820-8642-CC61B8A38FA7}.Debug|iPhoneSimulator.Build.0 = Debug|Any CPU
		{53F2E8CC-8AB2-4820-8642-CC61B8A38FA7}.Release|iPhone.ActiveCfg = Release|Any CPU
		{53F2E8CC-8AB2-4820-8642-CC61B8A38FA7}.Release|iPhone.Build.0 = Release|Any CPU
		{53F2E8CC-8AB2-4820-8642-CC61B8A38FA7}.Release|iPhoneSimulator.ActiveCfg = Release|Any CPU
		{53F2E8CC-8AB2-4820-8642-CC61B8A38FA7}.Release|iPhoneSimulator.Build.0 = Release|Any CPU
		{53F2E8CC-8AB2-4820-8642-CC61B8A38FA7}.Debug|iPhone.ActiveCfg = Debug|Any CPU
		{53F2E8CC-8AB2-4820-8642-CC61B8A38FA7}.Debug|iPhone.Build.0 = Debug|Any CPU
		{11944684-F92F-4B8E-B531-5F524EB6012F}.Debug|Any CPU.ActiveCfg = Debug|iPhoneSimulator
		{11944684-F92F-4B8E-B531-5F524EB6012F}.Debug|Any CPU.Build.0 = Debug|iPhoneSimulator
		{11944684-F92F-4B8E-B531-5F524EB6012F}.Release|Any CPU.ActiveCfg = Release|iPhone
		{11944684-F92F-4B8E-B531-5F524EB6012F}.Release|Any CPU.Build.0 = Release|iPhone
		{11944684-F92F-4B8E-B531-5F524EB6012F}.Debug|iPhoneSimulator.ActiveCfg = Debug|iPhoneSimulator
		{11944684-F92F-4B8E-B531-5F524EB6012F}.Debug|iPhoneSimulator.Build.0 = Debug|iPhoneSimulator
		{11944684-F92F-4B8E-B531-5F524EB6012F}.Release|iPhone.ActiveCfg = Release|iPhone
		{11944684-F92F-4B8E-B531-5F524EB6012F}.Release|iPhone.Build.0 = Release|iPhone
		{11944684-F92F-4B8E-B531-5F524EB6012F}.Release|iPhoneSimulator.ActiveCfg = Release|iPhoneSimulator
		{11944684-F92F-4B8E-B531-5F524EB6012F}.Release|iPhoneSimulator.Build.0 = Release|iPhoneSimulator
		{11944684-F92F-4B8E-B531-5F524EB6012F}.Debug|iPhone.ActiveCfg = Debug|iPhone
		{11944684-F92F-4B8E-B531-5F524EB6012F}.Debug|iPhone.Build.0 = Debug|iPhone
		{2CF3DF88-9924-4529-AF83-E4BF2D3404E4}.Debug|Any CPU.ActiveCfg = Debug|Any CPU
		{2CF3DF88-9924-4529-AF83-E4BF2D3404E4}.Debug|Any CPU.Build.0 = Debug|Any CPU
		{2CF3DF88-9924-4529-AF83-E4BF2D3404E4}.Release|Any CPU.ActiveCfg = Release|Any CPU
		{2CF3DF88-9924-4529-AF83-E4BF2D3404E4}.Release|Any CPU.Build.0 = Release|Any CPU
		{2CF3DF88-9924-4529-AF83-E4BF2D3404E4}.Debug|iPhoneSimulator.ActiveCfg = Debug|Any CPU
		{2CF3DF88-9924-4529-AF83-E4BF2D3404E4}.Debug|iPhoneSimulator.Build.0 = Debug|Any CPU
		{2CF3DF88-9924-4529-AF83-E4BF2D3404E4}.Release|iPhone.ActiveCfg = Release|Any CPU
		{2CF3DF88-9924-4529-AF83-E4BF2D3404E4}.Release|iPhone.Build.0 = Release|Any CPU
		{2CF3DF88-9924-4529-AF83-E4BF2D3404E4}.Release|iPhoneSimulator.ActiveCfg = Release|Any CPU
		{2CF3DF88-9924-4529-AF83-E4BF2D3404E4}.Release|iPhoneSimulator.Build.0 = Release|Any CPU
		{2CF3DF88-9924-4529-AF83-E4BF2D3404E4}.Debug|iPhone.ActiveCfg = Debug|Any CPU
		{2CF3DF88-9924-4529-AF83-E4BF2D3404E4}.Debug|iPhone.Build.0 = Debug|Any CPU
	EndGlobalSection
EndGlobal
